
Microsoft Visual Studio Solution File, Format Version 12.00
Project("{FAE04EC0-301F-11D3-BF4B-00C04F79EFBC}") = "EvilForest", "EvilForest\EvilForest.csproj", "{EDE26E4E-63C3-497C-9AEC-B7C29E72217E}"
EndProject
Project("{FAE04EC0-301F-11D3-BF4B-00C04F79EFBC}") = "EvilForest.JSM", "EvilForest.JSM\EvilForest.JSM.csproj", "{8CF97948-94F2-4214-AD3B-846E4B9E9C9D}"
EndProject
Project("{FAE04EC0-301F-11D3-BF4B-00C04F79EFBC}") = "EvilForest.Resources", "EvilForest.Resources\EvilForest.Resources.csproj", "{4C782414-2E47-4D9F-9154-1FF6A0AEE637}"
EndProject
Global
	GlobalSection(SolutionConfigurationPlatforms) = preSolution
		Debug|Any CPU = Debug|Any CPU
		Release|Any CPU = Release|Any CPU
	EndGlobalSection
	GlobalSection(ProjectConfigurationPlatforms) = postSolution
		{EDE26E4E-63C3-497C-9AEC-B7C29E72217E}.Debug|Any CPU.ActiveCfg = Debug|Any CPU
		{EDE26E4E-63C3-497C-9AEC-B7C29E72217E}.Debug|Any CPU.Build.0 = Debug|Any CPU
		{EDE26E4E-63C3-497C-9AEC-B7C29E72217E}.Release|Any CPU.ActiveCfg = Release|Any CPU
		{EDE26E4E-63C3-497C-9AEC-B7C29E72217E}.Release|Any CPU.Build.0 = Release|Any CPU
		{8CF97948-94F2-4214-AD3B-846E4B9E9C9D}.Debug|Any CPU.ActiveCfg = Debug|Any CPU
		{8CF97948-94F2-4214-AD3B-846E4B9E9C9D}.Debug|Any CPU.Build.0 = Debug|Any CPU
		{8CF97948-94F2-4214-AD3B-846E4B9E9C9D}.Release|Any CPU.ActiveCfg = Release|Any CPU
		{8CF97948-94F2-4214-AD3B-846E4B9E9C9D}.Release|Any CPU.Build.0 = Release|Any CPU
		{4C782414-2E47-4D9F-9154-1FF6A0AEE637}.Debug|Any CPU.ActiveCfg = Debug|Any CPU
		{4C782414-2E47-4D9F-9154-1FF6A0AEE637}.Debug|Any CPU.Build.0 = Debug|Any CPU
		{4C782414-2E47-4D9F-9154-1FF6A0AEE637}.Release|Any CPU.ActiveCfg = Release|Any CPU
		{4C782414-2E47-4D9F-9154-1FF6A0AEE637}.Release|Any CPU.Build.0 = Release|Any CPU
	EndGlobalSection
EndGlobal
